{
  "meteor": {},
  "dependencies": {
    "basePackages": {
      "blog": {
        "path": "."
      }
    },
    "packages": {
      "blog": {
        "path": "."
      },
      "iron-router": {
        "git": "https://github.com/EventedMind/iron-router.git",
        "tag": "v0.6.2",
        "commit": "ce56e58b45624dce992490f3a1c10f10d3948bae"
      },
      "parsleyjs": {
        "git": "https://github.com/nate-strauser/meteor-parsleyjs.git",
        "tag": "v1.1.7",
        "commit": "035a1e56a78e50369686b7e281aa71e3daf3729a"
      },
      "minimongoid": {
        "git": "https://github.com/Exygy/minimongoid.git",
        "tag": "v0.8.3",
        "commit": "8a4849426f1775f9886f303067e50877696fae43"
      },
      "moment": {
        "git": "https://github.com/acreeger/meteor-moment.git",
        "tag": "v2.5.1",
        "commit": "8c9bc5d3fc96705057737cb9743d555417f6e551"
      },
      "roles": {
        "git": "https://github.com/alanning/meteor-roles.git",
        "tag": "v1.2.6",
        "commit": "f2a9058281f8f2fe028767841d7445aadd6893cf"
      },
      "marked": {
        "git": "https://github.com/chuangbo/meteor-marked.git",
        "tag": "v0.2.9",
        "commit": "6485d6f03841501f81176e34ab375840473aa714"
      },
      "ace-embed": {
        "git": "https://github.com/stuartfenton/meteor-ace-embed.git",
        "tag": "v0.0.4",
        "commit": "027b0e1b0d06111b51a713f04a8b8750fdcbd289"
      },
      "underscore-string-latest": {
        "git": "https://github.com/TimHeckel/meteor-underscore-string.git",
        "tag": "v2.3.3",
        "commit": "4a5d70eee48fbd90a6e6fc78747250d704a0b3bb"
      }
    }
  }
}
